
Microsoft Visual Studio Solution File, Format Version 12.00
# Visual Studio Version 17
VisualStudioVersion = 17.11.35312.102
MinimumVisualStudioVersion = 10.0.40219.1
Project("{FAE04EC0-301F-11D3-BF4B-00C04F79EFBC}") = "WpfApp1", "WpfApp1\WpfApp1.csproj", "{EA4C227C-3203-42E4-BFDC-B263B1737FCF}"
EndProject
Global
	GlobalSection(SolutionConfigurationPlatforms) = preSolution
		Debug|Any CPU = Debug|Any CPU
		Release|Any CPU = Release|Any CPU
	EndGlobalSection
	GlobalSection(ProjectConfigurationPlatforms) = postSolution
		{EA4C227C-3203-42E4-BFDC-B263B1737FCF}.Debug|Any CPU.ActiveCfg = Debug|Any CPU
		{EA4C227C-3203-42E4-BFDC-B263B1737FCF}.Debug|Any CPU.Build.0 = Debug|Any CPU
		{EA4C227C-3203-42E4-BFDC-B263B1737FCF}.Release|Any CPU.ActiveCfg = Release|Any CPU
		{EA4C227C-3203-42E4-BFDC-B263B1737FCF}.Release|Any CPU.Build.0 = Release|Any CPU
	EndGlobalSection
	GlobalSection(SolutionProperties) = preSolution
		HideSolutionNode = FALSE
	EndGlobalSection
	GlobalSection(ExtensibilityGlobals) = postSolution
		SolutionGuid = {0C7A9753-191C-42C3-BA36-B9D89FD04BD2}
	EndGlobalSection
EndGlobal
